
Microsoft Visual Studio Solution File, Format Version 12.00
# Visual Studio Version 16
VisualStudioVersion = 16.0.29728.190
MinimumVisualStudioVersion = 10.0.40219.1
Project("{FAE04EC0-301F-11D3-BF4B-00C04F79EFBC}") = "WebApi", "WebApi\WebApi.csproj", "{74C887C1-6A75-4ABA-814A-C777CC599F33}"
EndProject
Global
	GlobalSection(SolutionConfigurationPlatforms) = preSolution
		Debug|Any CPU = Debug|Any CPU
		Release|Any CPU = Release|Any CPU
	EndGlobalSection
	GlobalSection(ProjectConfigurationPlatforms) = postSolution
		{74C887C1-6A75-4ABA-814A-C777CC599F33}.Debug|Any CPU.ActiveCfg = Debug|Any CPU
		{74C887C1-6A75-4ABA-814A-C777CC599F33}.Debug|Any CPU.Build.0 = Debug|Any CPU
		{74C887C1-6A75-4ABA-814A-C777CC599F33}.Release|Any CPU.ActiveCfg = Release|Any CPU
		{74C887C1-6A75-4ABA-814A-C777CC599F33}.Release|Any CPU.Build.0 = Release|Any CPU
	EndGlobalSection
	GlobalSection(SolutionProperties) = preSolution
		HideSolutionNode = FALSE
	EndGlobalSection
	GlobalSection(ExtensibilityGlobals) = postSolution
		SolutionGuid = {1DC3CDE4-54C0-4BF5-A7C2-3D694FF1B67E}
	EndGlobalSection
EndGlobal
